PODS:
  - audioplayer2 (0.0.1):
    - Flutter
  - Flutter (1.0.0)
  - FMDB (2.7.5):
    - FMDB/standard (= 2.7.5)
  - FMDB/standard (2.7.5)
  - path_provider (0.0.1):
    - Flutter
  - shared_preferences (0.0.1):
    - Flutter
  - sqflite (0.0.1):
    - Flutter
    - FMDB (~> 2.7.2)

DEPENDENCIES:
  - audioplayer2 (from `Pods/.symlinks/plugins/audioplayer2-0.5.2/ios`)
  - Flutter (from `Pods/.symlinks/flutter/ios`)
  - path_provider (from `Pods/.symlinks/plugins/path_provider-0.4.1/ios`)
  - shared_preferences (from `Pods/.symlinks/plugins/shared_preferences-0.4.3/ios`)
  - sqflite (from `Pods/.symlinks/plugins/sqflite-1.3.0/ios`)

SPEC REPOS:
  trunk:
    - FMDB

EXTERNAL SOURCES:
  audioplayer2:
    :path: Pods/.symlinks/plugins/audioplayer2-0.5.2/ios
  Flutter:
    :path: Pods/.symlinks/flutter/ios
  path_provider:
    :path: Pods/.symlinks/plugins/path_provider-0.4.1/ios
  shared_preferences:
    :path: Pods/.symlinks/plugins/shared_preferences-0.4.3/ios
  sqflite:
    :path: Pods/.symlinks/plugins/sqflite-1.3.0/ios

SPEC CHECKSUMS:
  audioplayer2: f3c5971880df0476ba53abe7deb5a76570165994
  Flutter: 0e3d915762c693b495b44d77113d4970485de6ec
  FMDB: 2ce00b547f966261cd18927a3ddb07cb6f3db82a
  path_provider: f96fff6166a8867510d2c25fdcc346327cc4b259
  shared_preferences: 1feebfa37bb57264736e16865e7ffae7fc99b523
  sqflite: 4001a31ff81d210346b500c55b17f4d6c7589dd0

PODFILE CHECKSUM: d76c19a85fb9cbf1e6bc37388fe47d013b210144

COCOAPODS: 1.9.1
